PODS:
  - 1PasswordExtension (1.6.1)
  - Alamofire (2.0.2)
  - MBProgressHUD (0.9.1)
  - MJRefresh (2.4.11)
  - ObjectMapper (0.17)
  - Ono (1.2.2)
  - SDWebImage (3.7.3):
    - SDWebImage/Core (= 3.7.3)
  - SDWebImage/Core (3.7.3)
  - SnapKit (0.15.0)
  - SwiftyJSON (2.3.0)
  - TTTAttributedLabel (1.13.4)
  - UIActionSheet+Blocks (0.9)
  - UIAlertController+Blocks (0.9)
  - UIBarButtonItem-Badge (0.0.1)
  - UITableView+FDTemplateLayoutCell (1.4.beta)
  - XLPagerTabStrip (2.0.0)
  - ZBarSDK (1.3.1)

DEPENDENCIES:
  - 1PasswordExtension (~> 1.6.1)
  - Alamofire (~> 2.0)
  - MBProgressHUD (~> 0.9.1)
  - MJRefresh
  - ObjectMapper (~> 0.17)
  - Ono
  - SDWebImage (~> 3.7)
  - SnapKit
  - SwiftyJSON (from `https://github.com/SwiftyJSON/SwiftyJSON.git`)
  - TTTAttributedLabel
  - UIActionSheet+Blocks
  - UIAlertController+Blocks
  - UIBarButtonItem-Badge (from `https://github.com/mikeMTOL/UIBarButtonItem-Badge.git`)
  - UITableView+FDTemplateLayoutCell (~> 1.4.beta)
  - XLPagerTabStrip (~> 2.0)
  - ZBarSDK (~> 1.3.1)

EXTERNAL SOURCES:
  SwiftyJSON:
    :git: https://github.com/SwiftyJSON/SwiftyJSON.git
  UIBarButtonItem-Badge:
    :git: https://github.com/mikeMTOL/UIBarButtonItem-Badge.git

CHECKOUT OPTIONS:
  SwiftyJSON:
    :commit: 3b5d0d4e0c19173b1bf0dc823bde25ad870f70c0
    :git: https://github.com/SwiftyJSON/SwiftyJSON.git
  UIBarButtonItem-Badge:
    :commit: 7a556e360ce0c63d18177e8b77e104ce3e05a5a1
    :git: https://github.com/mikeMTOL/UIBarButtonItem-Badge.git

SPEC CHECKSUMS:
  1PasswordExtension: 42b79b7ac6d8e7468b22b7a651fc0b445bcdbd3e
  Alamofire: 8edbab00802a752bb5240cc2abe70e7e881488ad
  MBProgressHUD: c47f2c166c126cf2ce36498d80f33e754d4e93ad
  MJRefresh: b327947f35ab3eb16ca42646b26f7347e6aa7186
  ObjectMapper: fa286b7cb5a398f1b0d8d64d0dd33fd1b307022c
  Ono: 80b1c686777d3f6d5d5ce6fcac8a74afef4ca197
  SDWebImage: 1d2b1a1efda1ade1b00b6f8498865f8ddedc8a84
  SnapKit: 4962eed2ee18e48cbd2b2292fffc57efe7235f87
  SwiftyJSON: 8d6b61a70277ef2a5d710d372e06e7e2d87fb9e4
  TTTAttributedLabel: 0a2ac7b2dd726d32a070dafb01446026b11e624f
  UIActionSheet+Blocks: e180b7dad0a721ab7f212ac9742af799008bb358
  UIAlertController+Blocks: b48c673ff60726da468b32ab21bbc7683512d45b
  UIBarButtonItem-Badge: 8f5ed4d32d32dbb03034d4f273d02c8da680236b
  UITableView+FDTemplateLayoutCell: 9d20bf0518f3c01e42ae614243b97f1161063d27
  XLPagerTabStrip: 2c69b8e3208432a94e713c198ce597faad5a87bb
  ZBarSDK: 4c1b5daeb7d6cc67dc9355e690af0230a661f6ec

COCOAPODS: 0.38.2
