PODS:
  - Alamofire (2.0.2)
  - MBProgressHUD (0.9.1)
  - MJRefresh (2.4.11)
  - ObjectMapper (0.17)
  - SwiftyJSON (2.3.0)
  - XLPagerTabStrip (2.0.0)

DEPENDENCIES:
  - Alamofire (~> 2.0)
  - MBProgressHUD (~> 0.9.1)
  - MJRefresh
  - ObjectMapper (~> 0.17)
  - SwiftyJSON (from `https://github.com/SwiftyJSON/SwiftyJSON.git`)
  - XLPagerTabStrip (~> 2.0)

EXTERNAL SOURCES:
  SwiftyJSON:
    :git: https://github.com/SwiftyJSON/SwiftyJSON.git

CHECKOUT OPTIONS:
  SwiftyJSON:
    :commit: 3b5d0d4e0c19173b1bf0dc823bde25ad870f70c0
    :git: https://github.com/SwiftyJSON/SwiftyJSON.git

SPEC CHECKSUMS:
  Alamofire: 8edbab00802a752bb5240cc2abe70e7e881488ad
  MBProgressHUD: c47f2c166c126cf2ce36498d80f33e754d4e93ad
  MJRefresh: b327947f35ab3eb16ca42646b26f7347e6aa7186
  ObjectMapper: fa286b7cb5a398f1b0d8d64d0dd33fd1b307022c
  SwiftyJSON: 8d6b61a70277ef2a5d710d372e06e7e2d87fb9e4
  XLPagerTabStrip: 2c69b8e3208432a94e713c198ce597faad5a87bb

COCOAPODS: 0.38.2
